
Microsoft Visual Studio Solution File, Format Version 12.00
# Visual Studio Version 16
VisualStudioVersion = 16.0.31321.278
MinimumVisualStudioVersion = 10.0.40219.1
Project("{2150E333-8FDC-42A3-9474-1A3956D46DE8}") = "Introduction", "Introduction", "{1F9DDDE0-E803-4989-AEDD-BB5FB302C3A4}"
EndProject
Project("{2150E333-8FDC-42A3-9474-1A3956D46DE8}") = "IdentityServer", "IdentityServer", "{A4CEF16B-F650-44CF-ADEF-7A4692D6ECD4}"
EndProject
Project("{FAE04EC0-301F-11D3-BF4B-00C04F79EFBC}") = "StocksAndShares.Client", "StocksAndShares.Client\StocksAndShares.Client.csproj", "{254A9CBC-59D8-49BA-A852-38E86B41ADE5}"
EndProject
Project("{FAE04EC0-301F-11D3-BF4B-00C04F79EFBC}") = "StocksAndShares.Api.Aum", "StocksAndShares.Api.Aum\StocksAndShares.Api.Aum.csproj", "{5E409BDA-FD73-45F2-90E7-A177B802D1D7}"
EndProject
Project("{FAE04EC0-301F-11D3-BF4B-00C04F79EFBC}") = "StocksAndShares.Api.LiquidFunds", "StocksAndShares.Api.LiquidFunds\StocksAndShares.Api.LiquidFunds.csproj", "{B208FEE3-7602-4310-A3FD-785375EF00A7}"
EndProject
Project("{FAE04EC0-301F-11D3-BF4B-00C04F79EFBC}") = "StocksAndShares.IdentityServer", "StocksAndShares.IdentityServer\StocksAndShares.IdentityServer.csproj", "{977B2C5B-E967-4CC1-9822-39AB3887FE4C}"
EndProject
Global
	GlobalSection(SolutionConfigurationPlatforms) = preSolution
		Debug|Any CPU = Debug|Any CPU
		Release|Any CPU = Release|Any CPU
	EndGlobalSection
	GlobalSection(ProjectConfigurationPlatforms) = postSolution
		{254A9CBC-59D8-49BA-A852-38E86B41ADE5}.Debug|Any CPU.ActiveCfg = Debug|Any CPU
		{254A9CBC-59D8-49BA-A852-38E86B41ADE5}.Debug|Any CPU.Build.0 = Debug|Any CPU
		{254A9CBC-59D8-49BA-A852-38E86B41ADE5}.Release|Any CPU.ActiveCfg = Release|Any CPU
		{254A9CBC-59D8-49BA-A852-38E86B41ADE5}.Release|Any CPU.Build.0 = Release|Any CPU
		{5E409BDA-FD73-45F2-90E7-A177B802D1D7}.Debug|Any CPU.ActiveCfg = Debug|Any CPU
		{5E409BDA-FD73-45F2-90E7-A177B802D1D7}.Debug|Any CPU.Build.0 = Debug|Any CPU
		{5E409BDA-FD73-45F2-90E7-A177B802D1D7}.Release|Any CPU.ActiveCfg = Release|Any CPU
		{5E409BDA-FD73-45F2-90E7-A177B802D1D7}.Release|Any CPU.Build.0 = Release|Any CPU
		{B208FEE3-7602-4310-A3FD-785375EF00A7}.Debug|Any CPU.ActiveCfg = Debug|Any CPU
		{B208FEE3-7602-4310-A3FD-785375EF00A7}.Debug|Any CPU.Build.0 = Debug|Any CPU
		{B208FEE3-7602-4310-A3FD-785375EF00A7}.Release|Any CPU.ActiveCfg = Release|Any CPU
		{B208FEE3-7602-4310-A3FD-785375EF00A7}.Release|Any CPU.Build.0 = Release|Any CPU
		{977B2C5B-E967-4CC1-9822-39AB3887FE4C}.Debug|Any CPU.ActiveCfg = Debug|Any CPU
		{977B2C5B-E967-4CC1-9822-39AB3887FE4C}.Debug|Any CPU.Build.0 = Debug|Any CPU
		{977B2C5B-E967-4CC1-9822-39AB3887FE4C}.Release|Any CPU.ActiveCfg = Release|Any CPU
		{977B2C5B-E967-4CC1-9822-39AB3887FE4C}.Release|Any CPU.Build.0 = Release|Any CPU
	EndGlobalSection
	GlobalSection(SolutionProperties) = preSolution
		HideSolutionNode = FALSE
	EndGlobalSection
	GlobalSection(NestedProjects) = preSolution
		{254A9CBC-59D8-49BA-A852-38E86B41ADE5} = {A4CEF16B-F650-44CF-ADEF-7A4692D6ECD4}
		{5E409BDA-FD73-45F2-90E7-A177B802D1D7} = {A4CEF16B-F650-44CF-ADEF-7A4692D6ECD4}
		{B208FEE3-7602-4310-A3FD-785375EF00A7} = {A4CEF16B-F650-44CF-ADEF-7A4692D6ECD4}
		{977B2C5B-E967-4CC1-9822-39AB3887FE4C} = {A4CEF16B-F650-44CF-ADEF-7A4692D6ECD4}
	EndGlobalSection
	GlobalSection(ExtensibilityGlobals) = postSolution
		SolutionGuid = {D72E197A-E729-4F7A-96FF-DCB77650AD67}
	EndGlobalSection
EndGlobal
